
Microsoft Visual Studio Solution File, Format Version 12.00
# Visual Studio Version 17
VisualStudioVersion = 17.6.33815.320
MinimumVisualStudioVersion = 10.0.40219.1
Project("{FAE04EC0-301F-11D3-BF4B-00C04F79EFBC}") = "Pars2012", "Pars2012\Pars2012.csproj", "{24374CC9-8863-4CD0-91A0-A3E24625B28F}"
EndProject
Global
	GlobalSection(SolutionConfigurationPlatforms) = preSolution
		Debug|Any CPU = Debug|Any CPU
		Release|Any CPU = Release|Any CPU
	EndGlobalSection
	GlobalSection(ProjectConfigurationPlatforms) = postSolution
		{24374CC9-8863-4CD0-91A0-A3E24625B28F}.Debug|Any CPU.ActiveCfg = Debug|Any CPU
		{24374CC9-8863-4CD0-91A0-A3E24625B28F}.Debug|Any CPU.Build.0 = Debug|Any CPU
		{24374CC9-8863-4CD0-91A0-A3E24625B28F}.Release|Any CPU.ActiveCfg = Release|Any CPU
		{24374CC9-8863-4CD0-91A0-A3E24625B28F}.Release|Any CPU.Build.0 = Release|Any CPU
	EndGlobalSection
	GlobalSection(SolutionProperties) = preSolution
		HideSolutionNode = FALSE
	EndGlobalSection
	GlobalSection(ExtensibilityGlobals) = postSolution
		SolutionGuid = {8C623A8A-CC85-4436-A39E-B1D236718C0E}
	EndGlobalSection
EndGlobal
